
Microsoft Visual Studio Solution File, Format Version 12.00
# Visual Studio Version 17
VisualStudioVersion = 17.11.35208.52
MinimumVisualStudioVersion = 10.0.40219.1
Project("{9A19103F-16F7-4668-BE54-9A1E7A4F7556}") = "Candidate_BusinessObject", "Candidate_BusinessObject\Candidate_BusinessObject.csproj", "{319E5026-C9BB-4A9D-8E24-EDBDE24BF3DF}"
EndProject
Project("{9A19103F-16F7-4668-BE54-9A1E7A4F7556}") = "Candidate_Repository", "Candidate_Repository\Candidate_Repository.csproj", "{EBDCD2BB-C1FA-408D-A2FD-5E2E887D6F8E}"
EndProject
Project("{9A19103F-16F7-4668-BE54-9A1E7A4F7556}") = "Candidate_DAOs", "Candidate_DAOs\Candidate_DAOs.csproj", "{0D3A4217-375B-440A-9760-CACF3F6ACBE4}"
EndProject
Project("{9A19103F-16F7-4668-BE54-9A1E7A4F7556}") = "Candidate_Services", "Candidate_Services\Candidate_Services.csproj", "{B655AFD4-ADCB-4697-BB74-7FA91813170B}"
EndProject
Project("{FAE04EC0-301F-11D3-BF4B-00C04F79EFBC}") = "CandidateManagement_LeTienDat", "CandidateManagement_LeTienDat\CandidateManagement_LeTienDat.csproj", "{BF2A2E10-CA0A-4D68-92C8-5A299B6A445A}"
EndProject
Global
	GlobalSection(SolutionConfigurationPlatforms) = preSolution
		Debug|Any CPU = Debug|Any CPU
		Release|Any CPU = Release|Any CPU
	EndGlobalSection
	GlobalSection(ProjectConfigurationPlatforms) = postSolution
		{319E5026-C9BB-4A9D-8E24-EDBDE24BF3DF}.Debug|Any CPU.ActiveCfg = Debug|Any CPU
		{319E5026-C9BB-4A9D-8E24-EDBDE24BF3DF}.Debug|Any CPU.Build.0 = Debug|Any CPU
		{319E5026-C9BB-4A9D-8E24-EDBDE24BF3DF}.Release|Any CPU.ActiveCfg = Release|Any CPU
		{319E5026-C9BB-4A9D-8E24-EDBDE24BF3DF}.Release|Any CPU.Build.0 = Release|Any CPU
		{EBDCD2BB-C1FA-408D-A2FD-5E2E887D6F8E}.Debug|Any CPU.ActiveCfg = Debug|Any CPU
		{EBDCD2BB-C1FA-408D-A2FD-5E2E887D6F8E}.Debug|Any CPU.Build.0 = Debug|Any CPU
		{EBDCD2BB-C1FA-408D-A2FD-5E2E887D6F8E}.Release|Any CPU.ActiveCfg = Release|Any CPU
		{EBDCD2BB-C1FA-408D-A2FD-5E2E887D6F8E}.Release|Any CPU.Build.0 = Release|Any CPU
		{0D3A4217-375B-440A-9760-CACF3F6ACBE4}.Debug|Any CPU.ActiveCfg = Debug|Any CPU
		{0D3A4217-375B-440A-9760-CACF3F6ACBE4}.Debug|Any CPU.Build.0 = Debug|Any CPU
		{0D3A4217-375B-440A-9760-CACF3F6ACBE4}.Release|Any CPU.ActiveCfg = Release|Any CPU
		{0D3A4217-375B-440A-9760-CACF3F6ACBE4}.Release|Any CPU.Build.0 = Release|Any CPU
		{B655AFD4-ADCB-4697-BB74-7FA91813170B}.Debug|Any CPU.ActiveCfg = Debug|Any CPU
		{B655AFD4-ADCB-4697-BB74-7FA91813170B}.Debug|Any CPU.Build.0 = Debug|Any CPU
		{B655AFD4-ADCB-4697-BB74-7FA91813170B}.Release|Any CPU.ActiveCfg = Release|Any CPU
		{B655AFD4-ADCB-4697-BB74-7FA91813170B}.Release|Any CPU.Build.0 = Release|Any CPU
		{BF2A2E10-CA0A-4D68-92C8-5A299B6A445A}.Debug|Any CPU.ActiveCfg = Release|Any CPU
		{BF2A2E10-CA0A-4D68-92C8-5A299B6A445A}.Debug|Any CPU.Build.0 = Release|Any CPU
		{BF2A2E10-CA0A-4D68-92C8-5A299B6A445A}.Release|Any CPU.ActiveCfg = Release|Any CPU
		{BF2A2E10-CA0A-4D68-92C8-5A299B6A445A}.Release|Any CPU.Build.0 = Release|Any CPU
	EndGlobalSection
	GlobalSection(SolutionProperties) = preSolution
		HideSolutionNode = FALSE
	EndGlobalSection
	GlobalSection(ExtensibilityGlobals) = postSolution
		SolutionGuid = {35C4745B-43F6-4B13-A4E4-D112B3A4415D}
	EndGlobalSection
EndGlobal
